
Microsoft Visual Studio Solution File, Format Version 12.00
# Visual Studio 2012
VisualStudioVersion = 12.0.0.0
MinimumVisualStudioVersion = 10.0.0.1
Project("{FAE04EC0-301F-11D3-BF4B-00C04F79EFBC}") = "WSDBR", "WSDBR\WSDBR.csproj", "{6DADF990-30DB-4C9D-8328-6588622DAE72}"
EndProject
Project("{FAE04EC0-301F-11D3-BF4B-00C04F79EFBC}") = "PearXLib.GTK", "..\PearXLib.GTK\PearXLib.GTK\PearXLib.GTK.csproj", "{F1E59679-8A62-40D9-831F-C025759E4D90}"
EndProject
Global
	GlobalSection(SolutionConfigurationPlatforms) = preSolution
		Debug|Any CPU = Debug|Any CPU
		Release|Any CPU = Release|Any CPU
	EndGlobalSection
	GlobalSection(ProjectConfigurationPlatforms) = postSolution
		{6DADF990-30DB-4C9D-8328-6588622DAE72}.Debug|Any CPU.ActiveCfg = Debug|Any CPU
		{6DADF990-30DB-4C9D-8328-6588622DAE72}.Debug|Any CPU.Build.0 = Debug|Any CPU
		{6DADF990-30DB-4C9D-8328-6588622DAE72}.Release|Any CPU.ActiveCfg = Release|Any CPU
		{6DADF990-30DB-4C9D-8328-6588622DAE72}.Release|Any CPU.Build.0 = Release|Any CPU
		{F1E59679-8A62-40D9-831F-C025759E4D90}.Debug|Any CPU.ActiveCfg = Debug|Any CPU
		{F1E59679-8A62-40D9-831F-C025759E4D90}.Debug|Any CPU.Build.0 = Debug|Any CPU
		{F1E59679-8A62-40D9-831F-C025759E4D90}.Release|Any CPU.ActiveCfg = Release|Any CPU
		{F1E59679-8A62-40D9-831F-C025759E4D90}.Release|Any CPU.Build.0 = Release|Any CPU
	EndGlobalSection
	GlobalSection(MonoDevelopProperties) = preSolution
		Policies = $0
		$0.DotNetNamingPolicy = $1
		$1.DirectoryNamespaceAssociation = None
		$1.ResourceNamePolicy = FileFormatDefault
	EndGlobalSection
	GlobalSection(SolutionProperties) = preSolution
		HideSolutionNode = FALSE
	EndGlobalSection
EndGlobal
